
Microsoft Visual Studio Solution File, Format Version 12.00
# Visual Studio Version 16
VisualStudioVersion = 16.0.31702.278
MinimumVisualStudioVersion = 10.0.40219.1
Project("{FAE04EC0-301F-11D3-BF4B-00C04F79EFBC}") = "jumpchampion.Server", "Server\jumpchampion.Server.csproj", "{A89450C2-43B3-4439-9264-5900F7C435B3}"
EndProject
Project("{FAE04EC0-301F-11D3-BF4B-00C04F79EFBC}") = "jumpchampion.Client", "Client\jumpchampion.Client.csproj", "{9F314D99-4F82-42BA-8554-CF00B361E95C}"
EndProject
Project("{FAE04EC0-301F-11D3-BF4B-00C04F79EFBC}") = "jumpchampion.Shared", "Shared\jumpchampion.Shared.csproj", "{58942175-13D0-4CE0-95D5-76A9E7EA7FD1}"
EndProject
Global
	GlobalSection(SolutionConfigurationPlatforms) = preSolution
		Debug|Any CPU = Debug|Any CPU
		Release|Any CPU = Release|Any CPU
	EndGlobalSection
	GlobalSection(ProjectConfigurationPlatforms) = postSolution
		{A89450C2-43B3-4439-9264-5900F7C435B3}.Debug|Any CPU.ActiveCfg = Debug|Any CPU
		{A89450C2-43B3-4439-9264-5900F7C435B3}.Debug|Any CPU.Build.0 = Debug|Any CPU
		{A89450C2-43B3-4439-9264-5900F7C435B3}.Release|Any CPU.ActiveCfg = Release|Any CPU
		{A89450C2-43B3-4439-9264-5900F7C435B3}.Release|Any CPU.Build.0 = Release|Any CPU
		{9F314D99-4F82-42BA-8554-CF00B361E95C}.Debug|Any CPU.ActiveCfg = Debug|Any CPU
		{9F314D99-4F82-42BA-8554-CF00B361E95C}.Debug|Any CPU.Build.0 = Debug|Any CPU
		{9F314D99-4F82-42BA-8554-CF00B361E95C}.Release|Any CPU.ActiveCfg = Release|Any CPU
		{9F314D99-4F82-42BA-8554-CF00B361E95C}.Release|Any CPU.Build.0 = Release|Any CPU
		{58942175-13D0-4CE0-95D5-76A9E7EA7FD1}.Debug|Any CPU.ActiveCfg = Debug|Any CPU
		{58942175-13D0-4CE0-95D5-76A9E7EA7FD1}.Debug|Any CPU.Build.0 = Debug|Any CPU
		{58942175-13D0-4CE0-95D5-76A9E7EA7FD1}.Release|Any CPU.ActiveCfg = Release|Any CPU
		{58942175-13D0-4CE0-95D5-76A9E7EA7FD1}.Release|Any CPU.Build.0 = Release|Any CPU
	EndGlobalSection
	GlobalSection(SolutionProperties) = preSolution
		HideSolutionNode = FALSE
	EndGlobalSection
	GlobalSection(ExtensibilityGlobals) = postSolution
		SolutionGuid = {859D46B3-4248-4E78-9CEE-DF6E856632D8}
	EndGlobalSection
EndGlobal
